
Microsoft Visual Studio Solution File, Format Version 12.00
# Visual Studio Version 17
VisualStudioVersion = 17.7.34221.43
MinimumVisualStudioVersion = 10.0.40219.1
Project("{9A19103F-16F7-4668-BE54-9A1E7A4F7556}") = "HouseRentingSystem.Web", "HouseRentingSystem\HouseRentingSystem.Web.csproj", "{8A719984-E1C4-4DD5-981B-D554F57CA4E5}"
EndProject
Project("{2150E333-8FDC-42A3-9474-1A3956D46DE8}") = "Data", "Data", "{965091E5-4540-4C75-965D-D458C50BED8E}"
EndProject
Project("{2150E333-8FDC-42A3-9474-1A3956D46DE8}") = "Services", "Services", "{B89629EF-2F56-4F6E-BA31-0309895E5D18}"
EndProject
Project("{2150E333-8FDC-42A3-9474-1A3956D46DE8}") = "Web", "Web", "{4607B917-69C8-46E9-AA76-6686C212B472}"
EndProject
Project("{9A19103F-16F7-4668-BE54-9A1E7A4F7556}") = "HouseRentingSystem.Common", "HouseRentingSystem.Common\HouseRentingSystem.Common.csproj", "{04AE271D-899E-441B-8EB1-5E647744B153}"
EndProject
Project("{9A19103F-16F7-4668-BE54-9A1E7A4F7556}") = "HouseRentingSystem.Data", "HouseRentingSystem.Data\HouseRentingSystem.Data.csproj", "{F2B7336A-4A04-462B-89C5-85C24220D051}"
EndProject
Project("{9A19103F-16F7-4668-BE54-9A1E7A4F7556}") = "HouseRentingSystem.Data.Services", "HouseRentingSystem.Data.Services\HouseRentingSystem.Data.Services.csproj", "{BFC80D0C-F656-445B-A87F-94D78784328E}"
EndProject
Project("{9A19103F-16F7-4668-BE54-9A1E7A4F7556}") = "HouseRentingSystem.Data.Models", "HouseRentingSystem.Data.Models\HouseRentingSystem.Data.Models.csproj", "{C6906151-01F7-4030-946A-8FA46A25E7EE}"
EndProject
Project("{9A19103F-16F7-4668-BE54-9A1E7A4F7556}") = "HouseRentingSystem.Web.ViewModels", "HouseRentingSystem.Web.ViewModels\HouseRentingSystem.Web.ViewModels.csproj", "{FA02E4F0-0F41-4E2D-B006-B61B1B40676A}"
EndProject
Project("{9A19103F-16F7-4668-BE54-9A1E7A4F7556}") = "HouseRentingSystem.Web.Infrastructure", "HouseRentingSystem.Web.Infrastructure\HouseRentingSystem.Web.Infrastructure.csproj", "{7CA002F9-FD66-4C8E-9776-49A47806F541}"
EndProject
Project("{9A19103F-16F7-4668-BE54-9A1E7A4F7556}") = "HouseRentingSystem.Data.Services.Models", "HouseRentingSystem.Data.Services.Models\HouseRentingSystem.Data.Services.Models.csproj", "{D526A4B5-FC42-4810-9DD5-624FCB3B5019}"
EndProject
Project("{FAE04EC0-301F-11D3-BF4B-00C04F79EFBC}") = "HouseRentingSystem.Service.Mapping", "HouseRentingSystem.Service.Mapping\HouseRentingSystem.Service.Mapping.csproj", "{C7521B02-E7CD-4394-84DF-DE98E6FB202C}"
EndProject
Project("{FAE04EC0-301F-11D3-BF4B-00C04F79EFBC}") = "HouseRentingSystem.Services.Tests", "HouseRentingSystem.Services.Tests\HouseRentingSystem.Services.Tests.csproj", "{5EC94B7C-4969-42AC-8BA2-0D6E9C940FCD}"
EndProject
Project("{2150E333-8FDC-42A3-9474-1A3956D46DE8}") = "API", "API", "{D8E98832-1397-44E6-A8E1-474B1FB415BA}"
EndProject
Project("{FAE04EC0-301F-11D3-BF4B-00C04F79EFBC}") = "HouseRentingSystem.WebApi", "HouseRentingSystem.WebApi\HouseRentingSystem.WebApi.csproj", "{9A7425DC-B0E5-4561-9A1C-95172CF31009}"
EndProject
Global
	GlobalSection(SolutionConfigurationPlatforms) = preSolution
		Debug|Any CPU = Debug|Any CPU
		Release|Any CPU = Release|Any CPU
	EndGlobalSection
	GlobalSection(ProjectConfigurationPlatforms) = postSolution
		{8A719984-E1C4-4DD5-981B-D554F57CA4E5}.Debug|Any CPU.ActiveCfg = Debug|Any CPU
		{8A719984-E1C4-4DD5-981B-D554F57CA4E5}.Debug|Any CPU.Build.0 = Debug|Any CPU
		{8A719984-E1C4-4DD5-981B-D554F57CA4E5}.Release|Any CPU.ActiveCfg = Release|Any CPU
		{8A719984-E1C4-4DD5-981B-D554F57CA4E5}.Release|Any CPU.Build.0 = Release|Any CPU
		{04AE271D-899E-441B-8EB1-5E647744B153}.Debug|Any CPU.ActiveCfg = Debug|Any CPU
		{04AE271D-899E-441B-8EB1-5E647744B153}.Debug|Any CPU.Build.0 = Debug|Any CPU
		{04AE271D-899E-441B-8EB1-5E647744B153}.Release|Any CPU.ActiveCfg = Release|Any CPU
		{04AE271D-899E-441B-8EB1-5E647744B153}.Release|Any CPU.Build.0 = Release|Any CPU
		{F2B7336A-4A04-462B-89C5-85C24220D051}.Debug|Any CPU.ActiveCfg = Debug|Any CPU
		{F2B7336A-4A04-462B-89C5-85C24220D051}.Debug|Any CPU.Build.0 = Debug|Any CPU
		{F2B7336A-4A04-462B-89C5-85C24220D051}.Release|Any CPU.ActiveCfg = Release|Any CPU
		{F2B7336A-4A04-462B-89C5-85C24220D051}.Release|Any CPU.Build.0 = Release|Any CPU
		{BFC80D0C-F656-445B-A87F-94D78784328E}.Debug|Any CPU.ActiveCfg = Debug|Any CPU
		{BFC80D0C-F656-445B-A87F-94D78784328E}.Debug|Any CPU.Build.0 = Debug|Any CPU
		{BFC80D0C-F656-445B-A87F-94D78784328E}.Release|Any CPU.ActiveCfg = Release|Any CPU
		{BFC80D0C-F656-445B-A87F-94D78784328E}.Release|Any CPU.Build.0 = Release|Any CPU
		{C6906151-01F7-4030-946A-8FA46A25E7EE}.Debug|Any CPU.ActiveCfg = Debug|Any CPU
		{C6906151-01F7-4030-946A-8FA46A25E7EE}.Debug|Any CPU.Build.0 = Debug|Any CPU
		{C6906151-01F7-4030-946A-8FA46A25E7EE}.Release|Any CPU.ActiveCfg = Release|Any CPU
		{C6906151-01F7-4030-946A-8FA46A25E7EE}.Release|Any CPU.Build.0 = Release|Any CPU
		{FA02E4F0-0F41-4E2D-B006-B61B1B40676A}.Debug|Any CPU.ActiveCfg = Debug|Any CPU
		{FA02E4F0-0F41-4E2D-B006-B61B1B40676A}.Debug|Any CPU.Build.0 = Debug|Any CPU
		{FA02E4F0-0F41-4E2D-B006-B61B1B40676A}.Release|Any CPU.ActiveCfg = Release|Any CPU
		{FA02E4F0-0F41-4E2D-B006-B61B1B40676A}.Release|Any CPU.Build.0 = Release|Any CPU
		{7CA002F9-FD66-4C8E-9776-49A47806F541}.Debug|Any CPU.ActiveCfg = Debug|Any CPU
		{7CA002F9-FD66-4C8E-9776-49A47806F541}.Debug|Any CPU.Build.0 = Debug|Any CPU
		{7CA002F9-FD66-4C8E-9776-49A47806F541}.Release|Any CPU.ActiveCfg = Release|Any CPU
		{7CA002F9-FD66-4C8E-9776-49A47806F541}.Release|Any CPU.Build.0 = Release|Any CPU
		{D526A4B5-FC42-4810-9DD5-624FCB3B5019}.Debug|Any CPU.ActiveCfg = Debug|Any CPU
		{D526A4B5-FC42-4810-9DD5-624FCB3B5019}.Debug|Any CPU.Build.0 = Debug|Any CPU
		{D526A4B5-FC42-4810-9DD5-624FCB3B5019}.Release|Any CPU.ActiveCfg = Release|Any CPU
		{D526A4B5-FC42-4810-9DD5-624FCB3B5019}.Release|Any CPU.Build.0 = Release|Any CPU
		{C7521B02-E7CD-4394-84DF-DE98E6FB202C}.Debug|Any CPU.ActiveCfg = Debug|Any CPU
		{C7521B02-E7CD-4394-84DF-DE98E6FB202C}.Debug|Any CPU.Build.0 = Debug|Any CPU
		{C7521B02-E7CD-4394-84DF-DE98E6FB202C}.Release|Any CPU.ActiveCfg = Release|Any CPU
		{C7521B02-E7CD-4394-84DF-DE98E6FB202C}.Release|Any CPU.Build.0 = Release|Any CPU
		{5EC94B7C-4969-42AC-8BA2-0D6E9C940FCD}.Debug|Any CPU.ActiveCfg = Debug|Any CPU
		{5EC94B7C-4969-42AC-8BA2-0D6E9C940FCD}.Debug|Any CPU.Build.0 = Debug|Any CPU
		{5EC94B7C-4969-42AC-8BA2-0D6E9C940FCD}.Release|Any CPU.ActiveCfg = Release|Any CPU
		{5EC94B7C-4969-42AC-8BA2-0D6E9C940FCD}.Release|Any CPU.Build.0 = Release|Any CPU
		{9A7425DC-B0E5-4561-9A1C-95172CF31009}.Debug|Any CPU.ActiveCfg = Debug|Any CPU
		{9A7425DC-B0E5-4561-9A1C-95172CF31009}.Debug|Any CPU.Build.0 = Debug|Any CPU
		{9A7425DC-B0E5-4561-9A1C-95172CF31009}.Release|Any CPU.ActiveCfg = Release|Any CPU
		{9A7425DC-B0E5-4561-9A1C-95172CF31009}.Release|Any CPU.Build.0 = Release|Any CPU
	EndGlobalSection
	GlobalSection(SolutionProperties) = preSolution
		HideSolutionNode = FALSE
	EndGlobalSection
	GlobalSection(NestedProjects) = preSolution
		{8A719984-E1C4-4DD5-981B-D554F57CA4E5} = {4607B917-69C8-46E9-AA76-6686C212B472}
		{F2B7336A-4A04-462B-89C5-85C24220D051} = {965091E5-4540-4C75-965D-D458C50BED8E}
		{BFC80D0C-F656-445B-A87F-94D78784328E} = {B89629EF-2F56-4F6E-BA31-0309895E5D18}
		{C6906151-01F7-4030-946A-8FA46A25E7EE} = {965091E5-4540-4C75-965D-D458C50BED8E}
		{FA02E4F0-0F41-4E2D-B006-B61B1B40676A} = {4607B917-69C8-46E9-AA76-6686C212B472}
		{7CA002F9-FD66-4C8E-9776-49A47806F541} = {4607B917-69C8-46E9-AA76-6686C212B472}
		{D526A4B5-FC42-4810-9DD5-624FCB3B5019} = {B89629EF-2F56-4F6E-BA31-0309895E5D18}
		{C7521B02-E7CD-4394-84DF-DE98E6FB202C} = {B89629EF-2F56-4F6E-BA31-0309895E5D18}
		{9A7425DC-B0E5-4561-9A1C-95172CF31009} = {D8E98832-1397-44E6-A8E1-474B1FB415BA}
	EndGlobalSection
	GlobalSection(ExtensibilityGlobals) = postSolution
		SolutionGuid = {D99DD679-E777-458D-8687-78DDBCEA06B5}
	EndGlobalSection
EndGlobal
