
Microsoft Visual Studio Solution File, Format Version 12.00
# Visual Studio Version 17
VisualStudioVersion = 17.7.34221.43
MinimumVisualStudioVersion = 10.0.40219.1
Project("{FAE04EC0-301F-11D3-BF4B-00C04F79EFBC}") = "HouseRentingSystem.Web", "HouseRentingSystem\HouseRentingSystem.Web.csproj", "{8A719984-E1C4-4DD5-981B-D554F57CA4E5}"
EndProject
Project("{2150E333-8FDC-42A3-9474-1A3956D46DE8}") = "Data", "Data", "{965091E5-4540-4C75-965D-D458C50BED8E}"
EndProject
Project("{2150E333-8FDC-42A3-9474-1A3956D46DE8}") = "Services", "Services", "{B89629EF-2F56-4F6E-BA31-0309895E5D18}"
EndProject
Project("{2150E333-8FDC-42A3-9474-1A3956D46DE8}") = "Web", "Web", "{4607B917-69C8-46E9-AA76-6686C212B472}"
EndProject
Global
	GlobalSection(SolutionConfigurationPlatforms) = preSolution
		Debug|Any CPU = Debug|Any CPU
		Release|Any CPU = Release|Any CPU
	EndGlobalSection
	GlobalSection(ProjectConfigurationPlatforms) = postSolution
		{8A719984-E1C4-4DD5-981B-D554F57CA4E5}.Debug|Any CPU.ActiveCfg = Debug|Any CPU
		{8A719984-E1C4-4DD5-981B-D554F57CA4E5}.Debug|Any CPU.Build.0 = Debug|Any CPU
		{8A719984-E1C4-4DD5-981B-D554F57CA4E5}.Release|Any CPU.ActiveCfg = Release|Any CPU
		{8A719984-E1C4-4DD5-981B-D554F57CA4E5}.Release|Any CPU.Build.0 = Release|Any CPU
	EndGlobalSection
	GlobalSection(SolutionProperties) = preSolution
		HideSolutionNode = FALSE
	EndGlobalSection
	GlobalSection(NestedProjects) = preSolution
		{8A719984-E1C4-4DD5-981B-D554F57CA4E5} = {4607B917-69C8-46E9-AA76-6686C212B472}
	EndGlobalSection
	GlobalSection(ExtensibilityGlobals) = postSolution
		SolutionGuid = {D99DD679-E777-458D-8687-78DDBCEA06B5}
	EndGlobalSection
EndGlobal
